
Microsoft Visual Studio Solution File, Format Version 12.00
# Visual Studio Version 17
VisualStudioVersion = 17.12.35527.113
MinimumVisualStudioVersion = 10.0.40219.1
Project("{FAE04EC0-301F-11D3-BF4B-00C04F79EFBC}") = "Entities", "Entities\Entities.csproj", "{C7CE6741-C90F-4C6D-B7BD-B396597AB07E}"
EndProject
Project("{FAE04EC0-301F-11D3-BF4B-00C04F79EFBC}") = "Database", "DataAccessLayer\Database.csproj", "{77180AD7-A976-4232-A782-DC4AAA517542}"
EndProject
Project("{FAE04EC0-301F-11D3-BF4B-00C04F79EFBC}") = "EPortalAPI", "EPortalAPI\EPortalAPI.csproj", "{0DD87A7F-DA4C-4884-9EDB-FBB899637849}"
EndProject
Project("{FAE04EC0-301F-11D3-BF4B-00C04F79EFBC}") = "EPortalApplication", "EPortalApplication\EPortalApplication.csproj", "{1BD35826-3381-4E15-80C7-4C952FC16966}"
EndProject
Global
	GlobalSection(SolutionConfigurationPlatforms) = preSolution
		Debug|Any CPU = Debug|Any CPU
		Release|Any CPU = Release|Any CPU
	EndGlobalSection
	GlobalSection(ProjectConfigurationPlatforms) = postSolution
		{C7CE6741-C90F-4C6D-B7BD-B396597AB07E}.Debug|Any CPU.ActiveCfg = Debug|Any CPU
		{C7CE6741-C90F-4C6D-B7BD-B396597AB07E}.Debug|Any CPU.Build.0 = Debug|Any CPU
		{C7CE6741-C90F-4C6D-B7BD-B396597AB07E}.Release|Any CPU.ActiveCfg = Release|Any CPU
		{C7CE6741-C90F-4C6D-B7BD-B396597AB07E}.Release|Any CPU.Build.0 = Release|Any CPU
		{77180AD7-A976-4232-A782-DC4AAA517542}.Debug|Any CPU.ActiveCfg = Debug|Any CPU
		{77180AD7-A976-4232-A782-DC4AAA517542}.Debug|Any CPU.Build.0 = Debug|Any CPU
		{77180AD7-A976-4232-A782-DC4AAA517542}.Release|Any CPU.ActiveCfg = Release|Any CPU
		{77180AD7-A976-4232-A782-DC4AAA517542}.Release|Any CPU.Build.0 = Release|Any CPU
		{0DD87A7F-DA4C-4884-9EDB-FBB899637849}.Debug|Any CPU.ActiveCfg = Debug|Any CPU
		{0DD87A7F-DA4C-4884-9EDB-FBB899637849}.Debug|Any CPU.Build.0 = Debug|Any CPU
		{0DD87A7F-DA4C-4884-9EDB-FBB899637849}.Release|Any CPU.ActiveCfg = Release|Any CPU
		{0DD87A7F-DA4C-4884-9EDB-FBB899637849}.Release|Any CPU.Build.0 = Release|Any CPU
		{1BD35826-3381-4E15-80C7-4C952FC16966}.Debug|Any CPU.ActiveCfg = Debug|Any CPU
		{1BD35826-3381-4E15-80C7-4C952FC16966}.Debug|Any CPU.Build.0 = Debug|Any CPU
		{1BD35826-3381-4E15-80C7-4C952FC16966}.Release|Any CPU.ActiveCfg = Release|Any CPU
		{1BD35826-3381-4E15-80C7-4C952FC16966}.Release|Any CPU.Build.0 = Release|Any CPU
	EndGlobalSection
	GlobalSection(SolutionProperties) = preSolution
		HideSolutionNode = FALSE
	EndGlobalSection
EndGlobal
